// !$*UTF8*$!
{
	archiveVersion = 1;
	classes = {
	};
	objectVersion = 50;
	objects = {

/* Begin PBXBuildFile section */
		DC1A924D2129BD4500886F3B /* DisplayViewController.m in Sources */ = {isa = PBXBuildFile; fileRef = DC1A924C2129BD4500886F3B /* DisplayViewController.m */; };
		DC1A92502129BDB400886F3B /* Display.m in Sources */ = {isa = PBXBuildFile; fileRef = DC1A924F2129BDB400886F3B /* Display.m */; };
		DC1AF129211DF6CC00773207 /* AppDelegate.swift in Sources */ = {isa = PBXBuildFile; fileRef = DC1AF128211DF6CC00773207 /* AppDelegate.swift */; };
		DC1AF12B211DF6CC00773207 /* ViewController.swift in Sources */ = {isa = PBXBuildFile; fileRef = DC1AF12A211DF6CC00773207 /* ViewController.swift */; };
		DC1AF12D211DF6CC00773207 /* Assets.xcassets in Resources */ = {isa = PBXBuildFile; fileRef = DC1AF12C211DF6CC00773207 /* Assets.xcassets */; };
		DC1AF130211DF6CD00773207 /* Main.storyboard in Resources */ = {isa = PBXBuildFile; fileRef = DC1AF12E211DF6CD00773207 /* Main.storyboard */; };
		DC1AF13B211DF6E500773207 /* Unicorn.m in Sources */ = {isa = PBXBuildFile; fileRef = DC1AF13A211DF6E500773207 /* Unicorn.m */; };
		DC804BDB211EF42800AFFDE3 /* Unicorn+Swift.swift in Sources */ = {isa = PBXBuildFile; fileRef = DC804BDA211EF42800AFFDE3 /* Unicorn+Swift.swift */; };
		DC804BDE211F0AC100AFFDE3 /* Keystone.m in Sources */ = {isa = PBXBuildFile; fileRef = DC804BDD211F0AC100AFFDE3 /* Keystone.m */; };
		DC804BE0211F0ED600AFFDE3 /* Keystone+swift.swift in Sources */ = {isa = PBXBuildFile; fileRef = DC804BDF211F0ED600AFFDE3 /* Keystone+swift.swift */; };
		DC804BE3211F39E100AFFDE3 /* Pods_UnicornTest.framework in Frameworks */ = {isa = PBXBuildFile; fileRef = 1F891E3BD5CC17328CFCD84B /* Pods_UnicornTest.framework */; };
		DC804BEB211F418400AFFDE3 /* SourceTextView.m in Sources */ = {isa = PBXBuildFile; fileRef = DC804BE9211F418400AFFDE3 /* SourceTextView.m */; };
/* End PBXBuildFile section */

/* Begin PBXFileReference section */
		13FE3786AADC5CD357BC8B67 /* Pods-UnicornTest.release.xcconfig */ = {isa = PBXFileReference; includeInIndex = 1; lastKnownFileType = text.xcconfig; name = "Pods-UnicornTest.release.xcconfig"; path = "Pods/Target Support Files/Pods-UnicornTest/Pods-UnicornTest.release.xcconfig"; sourceTree = "<group>"; };
		1F891E3BD5CC17328CFCD84B /* Pods_UnicornTest.framework */ = {isa = PBXFileReference; explicitFileType = wrapper.framework; includeInIndex = 0; path = Pods_UnicornTest.framework; sourceTree = BUILT_PRODUCTS_DIR; };
		2E0B8F7C7EC91B7A3839326A /* Pods-UnicornTest.debug.xcconfig */ = {isa = PBXFileReference; includeInIndex = 1; lastKnownFileType = text.xcconfig; name = "Pods-UnicornTest.debug.xcconfig"; path = "Pods/Target Support Files/Pods-UnicornTest/Pods-UnicornTest.debug.xcconfig"; sourceTree = "<group>"; };
		DC1A924B2129BD4500886F3B /* DisplayViewController.h */ = {isa = PBXFileReference; lastKnownFileType = sourcecode.c.h; path = DisplayViewController.h; sourceTree = "<group>"; };
		DC1A924C2129BD4500886F3B /* DisplayViewController.m */ = {isa = PBXFileReference; lastKnownFileType = sourcecode.c.objc; path = DisplayViewController.m; sourceTree = "<group>"; };
		DC1A924E2129BDB400886F3B /* Display.h */ = {isa = PBXFileReference; lastKnownFileType = sourcecode.c.h; path = Display.h; sourceTree = "<group>"; };
		DC1A924F2129BDB400886F3B /* Display.m */ = {isa = PBXFileReference; lastKnownFileType = sourcecode.c.objc; path = Display.m; sourceTree = "<group>"; };
		DC1AF125211DF6CC00773207 /* UnicornTest.app */ = {isa = PBXFileReference; explicitFileType = wrapper.application; includeInIndex = 0; path = UnicornTest.app; sourceTree = BUILT_PRODUCTS_DIR; };
		DC1AF128211DF6CC00773207 /* AppDelegate.swift */ = {isa = PBXFileReference; lastKnownFileType = sourcecode.swift; path = AppDelegate.swift; sourceTree = "<group>"; };
		DC1AF12A211DF6CC00773207 /* ViewController.swift */ = {isa = PBXFileReference; lastKnownFileType = sourcecode.swift; path = ViewController.swift; sourceTree = "<group>"; };
		DC1AF12C211DF6CC00773207 /* Assets.xcassets */ = {isa = PBXFileReference; lastKnownFileType = folder.assetcatalog; path = Assets.xcassets; sourceTree = "<group>"; };
		DC1AF12F211DF6CD00773207 /* Base */ = {isa = PBXFileReference; lastKnownFileType = file.storyboard; name = Base; path = Base.lproj/Main.storyboard; sourceTree = "<group>"; };
		DC1AF131211DF6CD00773207 /* Info.plist */ = {isa = PBXFileReference; lastKnownFileType = text.plist.xml; path = Info.plist; sourceTree = "<group>"; };
		DC1AF132211DF6CD00773207 /* UnicornTest.entitlements */ = {isa = PBXFileReference; lastKnownFileType = text.plist.entitlements; path = UnicornTest.entitlements; sourceTree = "<group>"; };
		DC1AF138211DF6E500773207 /* UnicornTest-Bridging-Header.h */ = {isa = PBXFileReference; lastKnownFileType = sourcecode.c.h; path = "UnicornTest-Bridging-Header.h"; sourceTree = "<group>"; };
		DC1AF139211DF6E500773207 /* Unicorn.h */ = {isa = PBXFileReference; lastKnownFileType = sourcecode.c.h; path = Unicorn.h; sourceTree = "<group>"; };
		DC1AF13A211DF6E500773207 /* Unicorn.m */ = {isa = PBXFileReference; lastKnownFileType = sourcecode.c.objc; path = Unicorn.m; sourceTree = "<group>"; };
		DC804BD7211E258A00AFFDE3 /* X86Registers.h */ = {isa = PBXFileReference; lastKnownFileType = sourcecode.c.h; path = X86Registers.h; sourceTree = "<group>"; };
		DC804BDA211EF42800AFFDE3 /* Unicorn+Swift.swift */ = {isa = PBXFileReference; lastKnownFileType = sourcecode.swift; path = "Unicorn+Swift.swift"; sourceTree = "<group>"; };
		DC804BDC211F0AC100AFFDE3 /* Keystone.h */ = {isa = PBXFileReference; lastKnownFileType = sourcecode.c.h; path = Keystone.h; sourceTree = "<group>"; };
		DC804BDD211F0AC100AFFDE3 /* Keystone.m */ = {isa = PBXFileReference; lastKnownFileType = sourcecode.c.objc; path = Keystone.m; sourceTree = "<group>"; };
		DC804BDF211F0ED600AFFDE3 /* Keystone+swift.swift */ = {isa = PBXFileReference; lastKnownFileType = sourcecode.swift; path = "Keystone+swift.swift"; sourceTree = "<group>"; };
		DC804BE9211F418400AFFDE3 /* SourceTextView.m */ = {isa = PBXFileReference; fileEncoding = 4; lastKnownFileType = sourcecode.c.objc; path = SourceTextView.m; sourceTree = "<group>"; };
		DC804BEA211F418400AFFDE3 /* SourceTextView.h */ = {isa = PBXFileReference; fileEncoding = 4; lastKnownFileType = sourcecode.c.h; path = SourceTextView.h; sourceTree = "<group>"; };
/* End PBXFileReference section */

/* Begin PBXFrameworksBuildPhase section */
		DC1AF122211DF6CC00773207 /* Frameworks */ = {
			isa = PBXFrameworksBuildPhase;
			buildActionMask = 2147483647;
			files = (
				DC804BE3211F39E100AFFDE3 /* Pods_UnicornTest.framework in Frameworks */,
			);
			runOnlyForDeploymentPostprocessing = 0;
		};
/* End PBXFrameworksBuildPhase section */

/* Begin PBXGroup section */
		DC1AF11C211DF6CC00773207 = {
			isa = PBXGroup;
			children = (
				DC1AF127211DF6CC00773207 /* UnicornTest */,
				DC1AF126211DF6CC00773207 /* Products */,
				DC1AF13C211E048E00773207 /* Frameworks */,
				E93EF6FBE01F4CD1B932846E /* Pods */,
			);
			sourceTree = "<group>";
		};
		DC1AF126211DF6CC00773207 /* Products */ = {
			isa = PBXGroup;
			children = (
				DC1AF125211DF6CC00773207 /* UnicornTest.app */,
			);
			name = Products;
			sourceTree = "<group>";
		};
		DC1AF127211DF6CC00773207 /* UnicornTest */ = {
			isa = PBXGroup;
			children = (
				DC1A924B2129BD4500886F3B /* DisplayViewController.h */,
				DC1A924C2129BD4500886F3B /* DisplayViewController.m */,
				DC1A924E2129BDB400886F3B /* Display.h */,
				DC1A924F2129BDB400886F3B /* Display.m */,
				DC1AF128211DF6CC00773207 /* AppDelegate.swift */,
				DC1AF12A211DF6CC00773207 /* ViewController.swift */,
				DC804BEA211F418400AFFDE3 /* SourceTextView.h */,
				DC804BE9211F418400AFFDE3 /* SourceTextView.m */,
				DC804BE1211F16D800AFFDE3 /* Unicorn */,
				DC804BE2211F16E300AFFDE3 /* Keystone */,
				DC1AF12C211DF6CC00773207 /* Assets.xcassets */,
				DC1AF12E211DF6CD00773207 /* Main.storyboard */,
				DC1AF131211DF6CD00773207 /* Info.plist */,
				DC1AF132211DF6CD00773207 /* UnicornTest.entitlements */,
				DC1AF138211DF6E500773207 /* UnicornTest-Bridging-Header.h */,
			);
			path = UnicornTest;
			sourceTree = "<group>";
		};
		DC1AF13C211E048E00773207 /* Frameworks */ = {
			isa = PBXGroup;
			children = (
				1F891E3BD5CC17328CFCD84B /* Pods_UnicornTest.framework */,
			);
			name = Frameworks;
			sourceTree = "<group>";
		};
		DC804BE1211F16D800AFFDE3 /* Unicorn */ = {
			isa = PBXGroup;
			children = (
				DC804BD7211E258A00AFFDE3 /* X86Registers.h */,
				DC804BDA211EF42800AFFDE3 /* Unicorn+Swift.swift */,
				DC1AF139211DF6E500773207 /* Unicorn.h */,
				DC1AF13A211DF6E500773207 /* Unicorn.m */,
			);
			path = Unicorn;
			sourceTree = "<group>";
		};
		DC804BE2211F16E300AFFDE3 /* Keystone */ = {
			isa = PBXGroup;
			children = (
				DC804BDF211F0ED600AFFDE3 /* Keystone+swift.swift */,
				DC804BDC211F0AC100AFFDE3 /* Keystone.h */,
				DC804BDD211F0AC100AFFDE3 /* Keystone.m */,
			);
			path = Keystone;
			sourceTree = "<group>";
		};
		E93EF6FBE01F4CD1B932846E /* Pods */ = {
			isa = PBXGroup;
			children = (
				2E0B8F7C7EC91B7A3839326A /* Pods-UnicornTest.debug.xcconfig */,
				13FE3786AADC5CD357BC8B67 /* Pods-UnicornTest.release.xcconfig */,
			);
			name = Pods;
			sourceTree = "<group>";
		};
/* End PBXGroup section */

/* Begin PBXNativeTarget section */
		DC1AF124211DF6CC00773207 /* UnicornTest */ = {
			isa = PBXNativeTarget;
			buildConfigurationList = DC1AF135211DF6CD00773207 /* Build configuration list for PBXNativeTarget "UnicornTest" */;
			buildPhases = (
				E17FC9782B522AEF3718B5D3 /* [CP] Check Pods Manifest.lock */,
				DC1AF121211DF6CC00773207 /* Sources */,
				DC1AF122211DF6CC00773207 /* Frameworks */,
				DC1AF123211DF6CC00773207 /* Resources */,
			);
			buildRules = (
			);
			dependencies = (
			);
			name = UnicornTest;
			productName = UnicornTest;
			productReference = DC1AF125211DF6CC00773207 /* UnicornTest.app */;
			productType = "com.apple.product-type.application";
		};
/* End PBXNativeTarget section */

/* Begin PBXProject section */
		DC1AF11D211DF6CC00773207 /* Project object */ = {
			isa = PBXProject;
			attributes = {
				LastSwiftUpdateCheck = 1000;
				LastUpgradeCheck = 1000;
				ORGANIZATIONNAME = "Felix Wehnert";
				TargetAttributes = {
					DC1AF124211DF6CC00773207 = {
						CreatedOnToolsVersion = 10.0;
						LastSwiftMigration = 1000;
						SystemCapabilities = {
							com.apple.Sandbox = {
								enabled = 0;
							};
						};
					};
				};
			};
			buildConfigurationList = DC1AF120211DF6CC00773207 /* Build configuration list for PBXProject "UnicornTest" */;
			compatibilityVersion = "Xcode 9.3";
			developmentRegion = en;
			hasScannedForEncodings = 0;
			knownRegions = (
				en,
				Base,
			);
			mainGroup = DC1AF11C211DF6CC00773207;
			productRefGroup = DC1AF126211DF6CC00773207 /* Products */;
			projectDirPath = "";
			projectRoot = "";
			targets = (
				DC1AF124211DF6CC00773207 /* UnicornTest */,
			);
		};
/* End PBXProject section */

/* Begin PBXResourcesBuildPhase section */
		DC1AF123211DF6CC00773207 /* Resources */ = {
			isa = PBXResourcesBuildPhase;
			buildActionMask = 2147483647;
			files = (
				DC1AF12D211DF6CC00773207 /* Assets.xcassets in Resources */,
				DC1AF130211DF6CD00773207 /* Main.storyboard in Resources */,
			);
			runOnlyForDeploymentPostprocessing = 0;
		};
/* End PBXResourcesBuildPhase section */

/* Begin PBXShellScriptBuildPhase section */
		E17FC9782B522AEF3718B5D3 /* [CP] Check Pods Manifest.lock */ = {
			isa = PBXShellScriptBuildPhase;
			buildActionMask = 2147483647;
			files = (
			);
			inputPaths = (
				"${PODS_PODFILE_DIR_PATH}/Podfile.lock",
				"${PODS_ROOT}/Manifest.lock",
			);
			name = "[CP] Check Pods Manifest.lock";
			outputPaths = (
				"$(DERIVED_FILE_DIR)/Pods-UnicornTest-checkManifestLockResult.txt",
			);
			runOnlyForDeploymentPostprocessing = 0;
			shellPath = /bin/sh;
			shellScript = "diff \"${PODS_PODFILE_DIR_PATH}/Podfile.lock\" \"${PODS_ROOT}/Manifest.lock\" > /dev/null\nif [ $? != 0 ] ; then\n    # print error to STDERR\n    echo \"error: The sandbox is not in sync with the Podfile.lock. Run 'pod install' or update your CocoaPods installation.\" >&2\n    exit 1\nfi\n# This output is used by Xcode 'outputs' to avoid re-running this script phase.\necho \"SUCCESS\" > \"${SCRIPT_OUTPUT_FILE_0}\"\n";
			showEnvVarsInLog = 0;
		};
/* End PBXShellScriptBuildPhase section */

/* Begin PBXSourcesBuildPhase section */
		DC1AF121211DF6CC00773207 /* Sources */ = {
			isa = PBXSourcesBuildPhase;
			buildActionMask = 2147483647;
			files = (
				DC804BDB211EF42800AFFDE3 /* Unicorn+Swift.swift in Sources */,
				DC1AF13B211DF6E500773207 /* Unicorn.m in Sources */,
				DC1AF12B211DF6CC00773207 /* ViewController.swift in Sources */,
				DC804BE0211F0ED600AFFDE3 /* Keystone+swift.swift in Sources */,
				DC804BEB211F418400AFFDE3 /* SourceTextView.m in Sources */,
				DC1A92502129BDB400886F3B /* Display.m in Sources */,
				DC1AF129211DF6CC00773207 /* AppDelegate.swift in Sources */,
				DC804BDE211F0AC100AFFDE3 /* Keystone.m in Sources */,
				DC1A924D2129BD4500886F3B /* DisplayViewController.m in Sources */,
			);
			runOnlyForDeploymentPostprocessing = 0;
		};
/* End PBXSourcesBuildPhase section */

/* Begin PBXVariantGroup section */
		DC1AF12E211DF6CD00773207 /* Main.storyboard */ = {
			isa = PBXVariantGroup;
			children = (
				DC1AF12F211DF6CD00773207 /* Base */,
			);
			name = Main.storyboard;
			sourceTree = "<group>";
		};
/* End PBXVariantGroup section */

/* Begin XCBuildConfiguration section */
		DC1AF133211DF6CD00773207 /* Debug */ = {
			isa = XCBuildConfiguration;
			buildSettings = {
				ALWAYS_SEARCH_USER_PATHS = NO;
				CLANG_ANALYZER_NONNULL = YES;
				CLANG_ANALYZER_NUMBER_OBJECT_CONVERSION = YES_AGGRESSIVE;
				CLANG_CXX_LANGUAGE_STANDARD = "gnu++14";
				CLANG_CXX_LIBRARY = "libc++";
				CLANG_ENABLE_MODULES = YES;
				CLANG_ENABLE_OBJC_ARC = YES;
				CLANG_ENABLE_OBJC_WEAK = YES;
				CLANG_WARN_BLOCK_CAPTURE_AUTORELEASING = YES;
				CLANG_WARN_BOOL_CONVERSION = YES;
				CLANG_WARN_COMMA = YES;
				CLANG_WARN_CONSTANT_CONVERSION = YES;
				CLANG_WARN_DEPRECATED_OBJC_IMPLEMENTATIONS = YES;
				CLANG_WARN_DIRECT_OBJC_ISA_USAGE = YES_ERROR;
				CLANG_WARN_DOCUMENTATION_COMMENTS = YES;
				CLANG_WARN_EMPTY_BODY = YES;
				CLANG_WARN_ENUM_CONVERSION = YES;
				CLANG_WARN_INFINITE_RECURSION = YES;
				CLANG_WARN_INT_CONVERSION = YES;
				CLANG_WARN_NON_LITERAL_NULL_CONVERSION = YES;
				CLANG_WARN_OBJC_IMPLICIT_RETAIN_SELF = YES;
				CLANG_WARN_OBJC_LITERAL_CONVERSION = YES;
				CLANG_WARN_OBJC_ROOT_CLASS = YES_ERROR;
				CLANG_WARN_RANGE_LOOP_ANALYSIS = YES;
				CLANG_WARN_STRICT_PROTOTYPES = YES;
				CLANG_WARN_SUSPICIOUS_MOVE = YES;
				CLANG_WARN_UNGUARDED_AVAILABILITY = YES_AGGRESSIVE;
				CLANG_WARN_UNREACHABLE_CODE = YES;
				CLANG_WARN__DUPLICATE_METHOD_MATCH = YES;
				CODE_SIGN_IDENTITY = "-";
				COPY_PHASE_STRIP = NO;
				DEBUG_INFORMATION_FORMAT = dwarf;
				ENABLE_STRICT_OBJC_MSGSEND = YES;
				ENABLE_TESTABILITY = YES;
				GCC_C_LANGUAGE_STANDARD = gnu11;
				GCC_DYNAMIC_NO_PIC = NO;
				GCC_NO_COMMON_BLOCKS = YES;
				GCC_OPTIMIZATION_LEVEL = 0;
				GCC_PREPROCESSOR_DEFINITIONS = (
					"DEBUG=1",
					"$(inherited)",
				);
				GCC_WARN_64_TO_32_BIT_CONVERSION = YES;
				GCC_WARN_ABOUT_RETURN_TYPE = YES_ERROR;
				GCC_WARN_UNDECLARED_SELECTOR = YES;
				GCC_WARN_UNINITIALIZED_AUTOS = YES_AGGRESSIVE;
				GCC_WARN_UNUSED_FUNCTION = YES;
				GCC_WARN_UNUSED_VARIABLE = YES;
				MACOSX_DEPLOYMENT_TARGET = 10.13;
				MTL_ENABLE_DEBUG_INFO = INCLUDE_SOURCE;
				MTL_FAST_MATH = YES;
				ONLY_ACTIVE_ARCH = YES;
				SDKROOT = macosx;
				SWIFT_ACTIVE_COMPILATION_CONDITIONS = DEBUG;
				SWIFT_OPTIMIZATION_LEVEL = "-Onone";
			};
			name = Debug;
		};
		DC1AF134211DF6CD00773207 /* Release */ = {
			isa = XCBuildConfiguration;
			buildSettings = {
				ALWAYS_SEARCH_USER_PATHS = NO;
				CLANG_ANALYZER_NONNULL = YES;
				CLANG_ANALYZER_NUMBER_OBJECT_CONVERSION = YES_AGGRESSIVE;
				CLANG_CXX_LANGUAGE_STANDARD = "gnu++14";
				CLANG_CXX_LIBRARY = "libc++";
				CLANG_ENABLE_MODULES = YES;
				CLANG_ENABLE_OBJC_ARC = YES;
				CLANG_ENABLE_OBJC_WEAK = YES;
				CLANG_WARN_BLOCK_CAPTURE_AUTORELEASING = YES;
				CLANG_WARN_BOOL_CONVERSION = YES;
				CLANG_WARN_COMMA = YES;
				CLANG_WARN_CONSTANT_CONVERSION = YES;
				CLANG_WARN_DEPRECATED_OBJC_IMPLEMENTATIONS = YES;
				CLANG_WARN_DIRECT_OBJC_ISA_USAGE = YES_ERROR;
				CLANG_WARN_DOCUMENTATION_COMMENTS = YES;
				CLANG_WARN_EMPTY_BODY = YES;
				CLANG_WARN_ENUM_CONVERSION = YES;
				CLANG_WARN_INFINITE_RECURSION = YES;
				CLANG_WARN_INT_CONVERSION = YES;
				CLANG_WARN_NON_LITERAL_NULL_CONVERSION = YES;
				CLANG_WARN_OBJC_IMPLICIT_RETAIN_SELF = YES;
				CLANG_WARN_OBJC_LITERAL_CONVERSION = YES;
				CLANG_WARN_OBJC_ROOT_CLASS = YES_ERROR;
				CLANG_WARN_RANGE_LOOP_ANALYSIS = YES;
				CLANG_WARN_STRICT_PROTOTYPES = YES;
				CLANG_WARN_SUSPICIOUS_MOVE = YES;
				CLANG_WARN_UNGUARDED_AVAILABILITY = YES_AGGRESSIVE;
				CLANG_WARN_UNREACHABLE_CODE = YES;
				CLANG_WARN__DUPLICATE_METHOD_MATCH = YES;
				CODE_SIGN_IDENTITY = "-";
				COPY_PHASE_STRIP = NO;
				DEBUG_INFORMATION_FORMAT = "dwarf-with-dsym";
				ENABLE_NS_ASSERTIONS = NO;
				ENABLE_STRICT_OBJC_MSGSEND = YES;
				GCC_C_LANGUAGE_STANDARD = gnu11;
				GCC_NO_COMMON_BLOCKS = YES;
				GCC_WARN_64_TO_32_BIT_CONVERSION = YES;
				GCC_WARN_ABOUT_RETURN_TYPE = YES_ERROR;
				GCC_WARN_UNDECLARED_SELECTOR = YES;
				GCC_WARN_UNINITIALIZED_AUTOS = YES_AGGRESSIVE;
				GCC_WARN_UNUSED_FUNCTION = YES;
				GCC_WARN_UNUSED_VARIABLE = YES;
				MACOSX_DEPLOYMENT_TARGET = 10.13;
				MTL_ENABLE_DEBUG_INFO = NO;
				MTL_FAST_MATH = YES;
				SDKROOT = macosx;
				SWIFT_COMPILATION_MODE = wholemodule;
				SWIFT_OPTIMIZATION_LEVEL = "-O";
			};
			name = Release;
		};
		DC1AF136211DF6CD00773207 /* Debug */ = {
			isa = XCBuildConfiguration;
			baseConfigurationReference = 2E0B8F7C7EC91B7A3839326A /* Pods-UnicornTest.debug.xcconfig */;
			buildSettings = {
				ASSETCATALOG_COMPILER_APPICON_NAME = AppIcon;
				CLANG_ENABLE_MODULES = YES;
				CODE_SIGN_IDENTITY = "-";
				CODE_SIGN_STYLE = Automatic;
				COMBINE_HIDPI_IMAGES = YES;
				DEVELOPMENT_TEAM = "";
				HEADER_SEARCH_PATHS = (
					/usr/local/include/unicorn/,
					/usr/local/include/,
				);
				INFOPLIST_FILE = UnicornTest/Info.plist;
				LD_RUNPATH_SEARCH_PATHS = (
					"$(inherited)",
					"@executable_path/../Frameworks",
				);
				LIBRARY_SEARCH_PATHS = /usr/local/lib/;
				OTHER_LDFLAGS = (
					"-lunicorn",
					"-lkeystone",
				);
				PRODUCT_BUNDLE_IDENTIFIER = me.wehnert.felix.UnicornTest;
				PRODUCT_NAME = "$(TARGET_NAME)";
				SWIFT_OBJC_BRIDGING_HEADER = "UnicornTest/UnicornTest-Bridging-Header.h";
				SWIFT_OPTIMIZATION_LEVEL = "-Onone";
				SWIFT_VERSION = 4.2;
			};
			name = Debug;
		};
		DC1AF137211DF6CD00773207 /* Release */ = {
			isa = XCBuildConfiguration;
			baseConfigurationReference = 13FE3786AADC5CD357BC8B67 /* Pods-UnicornTest.release.xcconfig */;
			buildSettings = {
				ASSETCATALOG_COMPILER_APPICON_NAME = AppIcon;
				CLANG_ENABLE_MODULES = YES;
				CODE_SIGN_IDENTITY = "-";
				CODE_SIGN_STYLE = Automatic;
				COMBINE_HIDPI_IMAGES = YES;
				DEVELOPMENT_TEAM = "";
				HEADER_SEARCH_PATHS = (
					/usr/local/include/unicorn/,
					/usr/local/include/,
				);
				INFOPLIST_FILE = UnicornTest/Info.plist;
				LD_RUNPATH_SEARCH_PATHS = (
					"$(inherited)",
					"@executable_path/../Frameworks",
				);
				LIBRARY_SEARCH_PATHS = /usr/local/lib/;
				OTHER_LDFLAGS = (
					"-lunicorn",
					"-lkeystone",
				);
				PRODUCT_BUNDLE_IDENTIFIER = me.wehnert.felix.UnicornTest;
				PRODUCT_NAME = "$(TARGET_NAME)";
				SWIFT_OBJC_BRIDGING_HEADER = "UnicornTest/UnicornTest-Bridging-Header.h";
				SWIFT_VERSION = 4.2;
			};
			name = Release;
		};
/* End XCBuildConfiguration section */

/* Begin XCConfigurationList section */
		DC1AF120211DF6CC00773207 /* Build configuration list for PBXProject "UnicornTest" */ = {
			isa = XCConfigurationList;
			buildConfigurations = (
				DC1AF133211DF6CD00773207 /* Debug */,
				DC1AF134211DF6CD00773207 /* Release */,
			);
			defaultConfigurationIsVisible = 0;
			defaultConfigurationName = Release;
		};
		DC1AF135211DF6CD00773207 /* Build configuration list for PBXNativeTarget "UnicornTest" */ = {
			isa = XCConfigurationList;
			buildConfigurations = (
				DC1AF136211DF6CD00773207 /* Debug */,
				DC1AF137211DF6CD00773207 /* Release */,
			);
			defaultConfigurationIsVisible = 0;
			defaultConfigurationName = Release;
		};
/* End XCConfigurationList section */
	};
	rootObject = DC1AF11D211DF6CC00773207 /* Project object */;
}
