// !$*UTF8*$!
{
	archiveVersion = 1;
	classes = {
	};
	objectVersion = 50;
	objects = {

/* Begin PBXBuildFile section */
		6CCFAA34C5C916BA46E35ACF /* Pods_AssemblyPlayground.framework in Frameworks */ = {isa = PBXBuildFile; fileRef = 52ACB61F9BD5BE8DAD7D711D /* Pods_AssemblyPlayground.framework */; };
		DC3B5E2721432CC800447278 /* DocumentData.swift in Sources */ = {isa = PBXBuildFile; fileRef = DC3B5E2621432CC800447278 /* DocumentData.swift */; };
		DC55D42E216CD52F00FA29AD /* EmulationMode.swift in Sources */ = {isa = PBXBuildFile; fileRef = DC55D42D216CD52F00FA29AD /* EmulationMode.swift */; };
		DC55D431216CDA6600FA29AD /* Registers.swift in Sources */ = {isa = PBXBuildFile; fileRef = DC55D430216CDA6600FA29AD /* Registers.swift */; };
		DC55D433216CDA8B00FA29AD /* X86.swift in Sources */ = {isa = PBXBuildFile; fileRef = DC55D432216CDA8B00FA29AD /* X86.swift */; };
		DC55D436216CDA9A00FA29AD /* ARM64.swift in Sources */ = {isa = PBXBuildFile; fileRef = DC55D435216CDA9A00FA29AD /* ARM64.swift */; };
		DC690FA32125B281002BB4E6 /* AppDelegate.swift in Sources */ = {isa = PBXBuildFile; fileRef = DC690FA22125B281002BB4E6 /* AppDelegate.swift */; };
		DC690FA72125B281002BB4E6 /* Document.swift in Sources */ = {isa = PBXBuildFile; fileRef = DC690FA62125B281002BB4E6 /* Document.swift */; };
		DC690FA92125B281002BB4E6 /* Assets.xcassets in Resources */ = {isa = PBXBuildFile; fileRef = DC690FA82125B281002BB4E6 /* Assets.xcassets */; };
		DC690FAC2125B281002BB4E6 /* Main.storyboard in Resources */ = {isa = PBXBuildFile; fileRef = DC690FAA2125B281002BB4E6 /* Main.storyboard */; };
		DCBE3972216E392500B3F8CD /* CodeEditor.swift in Sources */ = {isa = PBXBuildFile; fileRef = DCBE3971216E392500B3F8CD /* CodeEditor.swift */; };
		DCBE3974216E3B3D00B3F8CD /* CodeEditorRuler.swift in Sources */ = {isa = PBXBuildFile; fileRef = DCBE3973216E3B3D00B3F8CD /* CodeEditorRuler.swift */; };
		DCE96E81214ED955005FCBFF /* MemoryViewController.swift in Sources */ = {isa = PBXBuildFile; fileRef = DCE96E7F214ED955005FCBFF /* MemoryViewController.swift */; };
		DCE96E84214ED9CF005FCBFF /* MemoryTableViewDataSource.swift in Sources */ = {isa = PBXBuildFile; fileRef = DCE96E83214ED9CF005FCBFF /* MemoryTableViewDataSource.swift */; };
		DCFE963D217CB42F000B2B7D /* KeystoneError.swift in Sources */ = {isa = PBXBuildFile; fileRef = DCFE963C217CB42F000B2B7D /* KeystoneError.swift */; };
		DCFE9640217CC615000B2B7D /* String+Range.swift in Sources */ = {isa = PBXBuildFile; fileRef = DCFE963F217CC615000B2B7D /* String+Range.swift */; };
		DCFED987212CB6AF00C871CC /* Display.m in Sources */ = {isa = PBXBuildFile; fileRef = DCFED978212CB67400C871CC /* Display.m */; };
		DCFED989212CB6B700C871CC /* Unicorn+Swift.swift in Sources */ = {isa = PBXBuildFile; fileRef = DCFED982212CB68A00C871CC /* Unicorn+Swift.swift */; };
		DCFED98A212CB6B900C871CC /* Unicorn.m in Sources */ = {isa = PBXBuildFile; fileRef = DCFED984212CB68A00C871CC /* Unicorn.m */; };
		DCFED98B212CB6BD00C871CC /* Keystone+Swift.swift in Sources */ = {isa = PBXBuildFile; fileRef = DCFED97D212CB68900C871CC /* Keystone+Swift.swift */; };
		DCFED98C212CB6BF00C871CC /* Keystone.m in Sources */ = {isa = PBXBuildFile; fileRef = DCFED97F212CB68900C871CC /* Keystone.m */; };
		DCFED98E212CB9E500C871CC /* CodeEditorViewController.swift in Sources */ = {isa = PBXBuildFile; fileRef = DCFED98D212CB9E500C871CC /* CodeEditorViewController.swift */; };
		DCFED990212CB9F800C871CC /* DocumentSettingsViewController.swift in Sources */ = {isa = PBXBuildFile; fileRef = DCFED98F212CB9F800C871CC /* DocumentSettingsViewController.swift */; };
		DCFED992212CBA1200C871CC /* SplitViewController.swift in Sources */ = {isa = PBXBuildFile; fileRef = DCFED991212CBA1200C871CC /* SplitViewController.swift */; };
		DCFED994212CBA8800C871CC /* MainWindowController.swift in Sources */ = {isa = PBXBuildFile; fileRef = DCFED993212CBA8800C871CC /* MainWindowController.swift */; };
		DCFED996212CBE3C00C871CC /* DisplayViewController.swift in Sources */ = {isa = PBXBuildFile; fileRef = DCFED995212CBE3C00C871CC /* DisplayViewController.swift */; };
		DCFED998212CC28500C871CC /* DisplayWindowController.swift in Sources */ = {isa = PBXBuildFile; fileRef = DCFED997212CC28500C871CC /* DisplayWindowController.swift */; };
		DCFED99A212DE18500C871CC /* RegisterTableViewController.swift in Sources */ = {isa = PBXBuildFile; fileRef = DCFED999212DE18500C871CC /* RegisterTableViewController.swift */; };
		DCFED9A0212DEC2E00C871CC /* Engine.swift in Sources */ = {isa = PBXBuildFile; fileRef = DCFED99F212DEC2E00C871CC /* Engine.swift */; };
		DCFED9A2212E0CDB00C871CC /* HexExtension.swift in Sources */ = {isa = PBXBuildFile; fileRef = DCFED9A1212E0CDB00C871CC /* HexExtension.swift */; };
		DCFF8568216E810B00662D6D /* CodeParser.swift in Sources */ = {isa = PBXBuildFile; fileRef = DCFF8567216E810B00662D6D /* CodeParser.swift */; };
/* End PBXBuildFile section */

/* Begin PBXFileReference section */
		27ECDC4E5FE7FCD65F2A4679 /* Pods-AssemblyPlayground.debug.xcconfig */ = {isa = PBXFileReference; includeInIndex = 1; lastKnownFileType = text.xcconfig; name = "Pods-AssemblyPlayground.debug.xcconfig"; path = "../Pods/Target Support Files/Pods-AssemblyPlayground/Pods-AssemblyPlayground.debug.xcconfig"; sourceTree = "<group>"; };
		52ACB61F9BD5BE8DAD7D711D /* Pods_AssemblyPlayground.framework */ = {isa = PBXFileReference; explicitFileType = wrapper.framework; includeInIndex = 0; path = Pods_AssemblyPlayground.framework; sourceTree = BUILT_PRODUCTS_DIR; };
		CD0E90A52B140EBB35027630 /* Pods-AssemblyPlayground.release.xcconfig */ = {isa = PBXFileReference; includeInIndex = 1; lastKnownFileType = text.xcconfig; name = "Pods-AssemblyPlayground.release.xcconfig"; path = "../Pods/Target Support Files/Pods-AssemblyPlayground/Pods-AssemblyPlayground.release.xcconfig"; sourceTree = "<group>"; };
		DC3B5E2621432CC800447278 /* DocumentData.swift */ = {isa = PBXFileReference; lastKnownFileType = sourcecode.swift; path = DocumentData.swift; sourceTree = "<group>"; };
		DC55D42D216CD52F00FA29AD /* EmulationMode.swift */ = {isa = PBXFileReference; lastKnownFileType = sourcecode.swift; path = EmulationMode.swift; sourceTree = "<group>"; };
		DC55D430216CDA6600FA29AD /* Registers.swift */ = {isa = PBXFileReference; lastKnownFileType = sourcecode.swift; path = Registers.swift; sourceTree = "<group>"; };
		DC55D432216CDA8B00FA29AD /* X86.swift */ = {isa = PBXFileReference; lastKnownFileType = sourcecode.swift; path = X86.swift; sourceTree = "<group>"; };
		DC55D435216CDA9A00FA29AD /* ARM64.swift */ = {isa = PBXFileReference; lastKnownFileType = sourcecode.swift; path = ARM64.swift; sourceTree = "<group>"; };
		DC690F9F2125B281002BB4E6 /* AssemblyPlayground.app */ = {isa = PBXFileReference; explicitFileType = wrapper.application; includeInIndex = 0; path = AssemblyPlayground.app; sourceTree = BUILT_PRODUCTS_DIR; };
		DC690FA22125B281002BB4E6 /* AppDelegate.swift */ = {isa = PBXFileReference; lastKnownFileType = sourcecode.swift; path = AppDelegate.swift; sourceTree = "<group>"; };
		DC690FA62125B281002BB4E6 /* Document.swift */ = {isa = PBXFileReference; lastKnownFileType = sourcecode.swift; path = Document.swift; sourceTree = "<group>"; };
		DC690FA82125B281002BB4E6 /* Assets.xcassets */ = {isa = PBXFileReference; lastKnownFileType = folder.assetcatalog; path = Assets.xcassets; sourceTree = "<group>"; };
		DC690FAB2125B281002BB4E6 /* Base */ = {isa = PBXFileReference; lastKnownFileType = file.storyboard; name = Base; path = Base.lproj/Main.storyboard; sourceTree = "<group>"; };
		DC690FAD2125B281002BB4E6 /* Info.plist */ = {isa = PBXFileReference; lastKnownFileType = text.plist.xml; path = Info.plist; sourceTree = "<group>"; };
		DC690FAE2125B281002BB4E6 /* AssemblyPlayground.entitlements */ = {isa = PBXFileReference; lastKnownFileType = text.plist.entitlements; path = AssemblyPlayground.entitlements; sourceTree = "<group>"; };
		DCA215C222554CFC009BDB21 /* README.md */ = {isa = PBXFileReference; lastKnownFileType = net.daringfireball.markdown; name = README.md; path = ../README.md; sourceTree = "<group>"; };
		DCBE3971216E392500B3F8CD /* CodeEditor.swift */ = {isa = PBXFileReference; lastKnownFileType = sourcecode.swift; path = CodeEditor.swift; sourceTree = "<group>"; };
		DCBE3973216E3B3D00B3F8CD /* CodeEditorRuler.swift */ = {isa = PBXFileReference; lastKnownFileType = sourcecode.swift; path = CodeEditorRuler.swift; sourceTree = "<group>"; };
		DCE96E7F214ED955005FCBFF /* MemoryViewController.swift */ = {isa = PBXFileReference; lastKnownFileType = sourcecode.swift; path = MemoryViewController.swift; sourceTree = "<group>"; };
		DCE96E83214ED9CF005FCBFF /* MemoryTableViewDataSource.swift */ = {isa = PBXFileReference; lastKnownFileType = sourcecode.swift; path = MemoryTableViewDataSource.swift; sourceTree = "<group>"; };
		DCFE963C217CB42F000B2B7D /* KeystoneError.swift */ = {isa = PBXFileReference; lastKnownFileType = sourcecode.swift; path = KeystoneError.swift; sourceTree = "<group>"; };
		DCFE963F217CC615000B2B7D /* String+Range.swift */ = {isa = PBXFileReference; lastKnownFileType = sourcecode.swift; path = "String+Range.swift"; sourceTree = "<group>"; };
		DCFED977212CB67400C871CC /* Display.h */ = {isa = PBXFileReference; lastKnownFileType = sourcecode.c.h; path = Display.h; sourceTree = "<group>"; };
		DCFED978212CB67400C871CC /* Display.m */ = {isa = PBXFileReference; lastKnownFileType = sourcecode.c.objc; path = Display.m; sourceTree = "<group>"; };
		DCFED97A212CB68300C871CC /* SourceTextView.m */ = {isa = PBXFileReference; fileEncoding = 4; lastKnownFileType = sourcecode.c.objc; path = SourceTextView.m; sourceTree = "<group>"; };
		DCFED97B212CB68300C871CC /* SourceTextView.h */ = {isa = PBXFileReference; fileEncoding = 4; lastKnownFileType = sourcecode.c.h; path = SourceTextView.h; sourceTree = "<group>"; };
		DCFED97D212CB68900C871CC /* Keystone+Swift.swift */ = {isa = PBXFileReference; lastKnownFileType = sourcecode.swift; path = "Keystone+Swift.swift"; sourceTree = "<group>"; };
		DCFED97E212CB68900C871CC /* Keystone.h */ = {isa = PBXFileReference; lastKnownFileType = sourcecode.c.h; path = Keystone.h; sourceTree = "<group>"; };
		DCFED97F212CB68900C871CC /* Keystone.m */ = {isa = PBXFileReference; lastKnownFileType = sourcecode.c.objc; path = Keystone.m; sourceTree = "<group>"; };
		DCFED982212CB68A00C871CC /* Unicorn+Swift.swift */ = {isa = PBXFileReference; lastKnownFileType = sourcecode.swift; path = "Unicorn+Swift.swift"; sourceTree = "<group>"; };
		DCFED983212CB68A00C871CC /* Unicorn.h */ = {isa = PBXFileReference; lastKnownFileType = sourcecode.c.h; path = Unicorn.h; sourceTree = "<group>"; };
		DCFED984212CB68A00C871CC /* Unicorn.m */ = {isa = PBXFileReference; lastKnownFileType = sourcecode.c.objc; path = Unicorn.m; sourceTree = "<group>"; };
		DCFED986212CB69400C871CC /* AssemblyPlayground-Bridging-Header.h */ = {isa = PBXFileReference; lastKnownFileType = sourcecode.c.h; path = "AssemblyPlayground-Bridging-Header.h"; sourceTree = "<group>"; };
		DCFED98D212CB9E500C871CC /* CodeEditorViewController.swift */ = {isa = PBXFileReference; lastKnownFileType = sourcecode.swift; path = CodeEditorViewController.swift; sourceTree = "<group>"; };
		DCFED98F212CB9F800C871CC /* DocumentSettingsViewController.swift */ = {isa = PBXFileReference; lastKnownFileType = sourcecode.swift; path = DocumentSettingsViewController.swift; sourceTree = "<group>"; };
		DCFED991212CBA1200C871CC /* SplitViewController.swift */ = {isa = PBXFileReference; lastKnownFileType = sourcecode.swift; path = SplitViewController.swift; sourceTree = "<group>"; };
		DCFED993212CBA8800C871CC /* MainWindowController.swift */ = {isa = PBXFileReference; lastKnownFileType = sourcecode.swift; path = MainWindowController.swift; sourceTree = "<group>"; };
		DCFED995212CBE3C00C871CC /* DisplayViewController.swift */ = {isa = PBXFileReference; lastKnownFileType = sourcecode.swift; path = DisplayViewController.swift; sourceTree = "<group>"; };
		DCFED997212CC28500C871CC /* DisplayWindowController.swift */ = {isa = PBXFileReference; lastKnownFileType = sourcecode.swift; path = DisplayWindowController.swift; sourceTree = "<group>"; };
		DCFED999212DE18500C871CC /* RegisterTableViewController.swift */ = {isa = PBXFileReference; lastKnownFileType = sourcecode.swift; path = RegisterTableViewController.swift; sourceTree = "<group>"; };
		DCFED99F212DEC2E00C871CC /* Engine.swift */ = {isa = PBXFileReference; lastKnownFileType = sourcecode.swift; path = Engine.swift; sourceTree = "<group>"; };
		DCFED9A1212E0CDB00C871CC /* HexExtension.swift */ = {isa = PBXFileReference; lastKnownFileType = sourcecode.swift; path = HexExtension.swift; sourceTree = "<group>"; };
		DCFF8567216E810B00662D6D /* CodeParser.swift */ = {isa = PBXFileReference; lastKnownFileType = sourcecode.swift; path = CodeParser.swift; sourceTree = "<group>"; };
		DCFF8569216E932A00662D6D /* asm */ = {isa = PBXFileReference; lastKnownFileType = text; path = asm; sourceTree = "<group>"; };
/* End PBXFileReference section */

/* Begin PBXFrameworksBuildPhase section */
		DC690F9C2125B281002BB4E6 /* Frameworks */ = {
			isa = PBXFrameworksBuildPhase;
			buildActionMask = 2147483647;
			files = (
				6CCFAA34C5C916BA46E35ACF /* Pods_AssemblyPlayground.framework in Frameworks */,
			);
			runOnlyForDeploymentPostprocessing = 0;
		};
/* End PBXFrameworksBuildPhase section */

/* Begin PBXGroup section */
		42017267A1C5FC27785F55EB /* Pods */ = {
			isa = PBXGroup;
			children = (
				27ECDC4E5FE7FCD65F2A4679 /* Pods-AssemblyPlayground.debug.xcconfig */,
				CD0E90A52B140EBB35027630 /* Pods-AssemblyPlayground.release.xcconfig */,
			);
			name = Pods;
			sourceTree = "<group>";
		};
		DC55D434216CDA9100FA29AD /* Registers */ = {
			isa = PBXGroup;
			children = (
				DC55D430216CDA6600FA29AD /* Registers.swift */,
				DC55D432216CDA8B00FA29AD /* X86.swift */,
				DC55D435216CDA9A00FA29AD /* ARM64.swift */,
			);
			path = Registers;
			sourceTree = "<group>";
		};
		DC690F962125B281002BB4E6 = {
			isa = PBXGroup;
			children = (
				DCA215C222554CFC009BDB21 /* README.md */,
				DC690FA12125B281002BB4E6 /* AssemblyPlayground */,
				DC690FA02125B281002BB4E6 /* Products */,
				DC6978662174B42100712033 /* Frameworks */,
				42017267A1C5FC27785F55EB /* Pods */,
			);
			sourceTree = "<group>";
		};
		DC690FA02125B281002BB4E6 /* Products */ = {
			isa = PBXGroup;
			children = (
				DC690F9F2125B281002BB4E6 /* AssemblyPlayground.app */,
			);
			name = Products;
			sourceTree = "<group>";
		};
		DC690FA12125B281002BB4E6 /* AssemblyPlayground */ = {
			isa = PBXGroup;
			children = (
				DC690FA22125B281002BB4E6 /* AppDelegate.swift */,
				DC690FAA2125B281002BB4E6 /* Main.storyboard */,
				DCFED993212CBA8800C871CC /* MainWindowController.swift */,
				DCFED991212CBA1200C871CC /* SplitViewController.swift */,
				DCFED9A1212E0CDB00C871CC /* HexExtension.swift */,
				DCBE396E216E383400B3F8CD /* CodeEditor */,
				DCBE396F216E383D00B3F8CD /* RegisterView */,
				DCBE396D216E382400B3F8CD /* Memory */,
				DCBE396C216E381800B3F8CD /* Settings */,
				DCBE3970216E386800B3F8CD /* Documents */,
				DC55D434216CDA9100FA29AD /* Registers */,
				DCFED979212CB67400C871CC /* Display */,
				DCFED985212CB68A00C871CC /* Unicorn */,
				DCFED980212CB68900C871CC /* Keystone */,
				DCFE963E217CC607000B2B7D /* Extensions */,
				DC690FA82125B281002BB4E6 /* Assets.xcassets */,
				DCFF8569216E932A00662D6D /* asm */,
				DC690FAD2125B281002BB4E6 /* Info.plist */,
				DCFED986212CB69400C871CC /* AssemblyPlayground-Bridging-Header.h */,
				DC690FAE2125B281002BB4E6 /* AssemblyPlayground.entitlements */,
			);
			path = AssemblyPlayground;
			sourceTree = "<group>";
		};
		DC6978662174B42100712033 /* Frameworks */ = {
			isa = PBXGroup;
			children = (
				52ACB61F9BD5BE8DAD7D711D /* Pods_AssemblyPlayground.framework */,
			);
			name = Frameworks;
			sourceTree = "<group>";
		};
		DCBE396C216E381800B3F8CD /* Settings */ = {
			isa = PBXGroup;
			children = (
				DCFED98F212CB9F800C871CC /* DocumentSettingsViewController.swift */,
			);
			path = Settings;
			sourceTree = "<group>";
		};
		DCBE396D216E382400B3F8CD /* Memory */ = {
			isa = PBXGroup;
			children = (
				DCE96E7F214ED955005FCBFF /* MemoryViewController.swift */,
				DCE96E83214ED9CF005FCBFF /* MemoryTableViewDataSource.swift */,
			);
			path = Memory;
			sourceTree = "<group>";
		};
		DCBE396E216E383400B3F8CD /* CodeEditor */ = {
			isa = PBXGroup;
			children = (
				DCFED98D212CB9E500C871CC /* CodeEditorViewController.swift */,
				DCBE3971216E392500B3F8CD /* CodeEditor.swift */,
				DCBE3973216E3B3D00B3F8CD /* CodeEditorRuler.swift */,
				DCFF8567216E810B00662D6D /* CodeParser.swift */,
				DCFED97B212CB68300C871CC /* SourceTextView.h */,
				DCFED97A212CB68300C871CC /* SourceTextView.m */,
			);
			path = CodeEditor;
			sourceTree = "<group>";
		};
		DCBE396F216E383D00B3F8CD /* RegisterView */ = {
			isa = PBXGroup;
			children = (
				DCFED999212DE18500C871CC /* RegisterTableViewController.swift */,
			);
			name = RegisterView;
			path = "New Group";
			sourceTree = "<group>";
		};
		DCBE3970216E386800B3F8CD /* Documents */ = {
			isa = PBXGroup;
			children = (
				DC3B5E2621432CC800447278 /* DocumentData.swift */,
				DC690FA62125B281002BB4E6 /* Document.swift */,
			);
			path = Documents;
			sourceTree = "<group>";
		};
		DCFE963E217CC607000B2B7D /* Extensions */ = {
			isa = PBXGroup;
			children = (
				DCFE963F217CC615000B2B7D /* String+Range.swift */,
			);
			path = Extensions;
			sourceTree = "<group>";
		};
		DCFED979212CB67400C871CC /* Display */ = {
			isa = PBXGroup;
			children = (
				DCFED997212CC28500C871CC /* DisplayWindowController.swift */,
				DCFED995212CBE3C00C871CC /* DisplayViewController.swift */,
				DCFED977212CB67400C871CC /* Display.h */,
				DCFED978212CB67400C871CC /* Display.m */,
			);
			path = Display;
			sourceTree = "<group>";
		};
		DCFED980212CB68900C871CC /* Keystone */ = {
			isa = PBXGroup;
			children = (
				DCFED97D212CB68900C871CC /* Keystone+Swift.swift */,
				DCFED97E212CB68900C871CC /* Keystone.h */,
				DCFED97F212CB68900C871CC /* Keystone.m */,
				DCFE963C217CB42F000B2B7D /* KeystoneError.swift */,
			);
			path = Keystone;
			sourceTree = "<group>";
		};
		DCFED985212CB68A00C871CC /* Unicorn */ = {
			isa = PBXGroup;
			children = (
				DCFED99F212DEC2E00C871CC /* Engine.swift */,
				DC55D42D216CD52F00FA29AD /* EmulationMode.swift */,
				DCFED982212CB68A00C871CC /* Unicorn+Swift.swift */,
				DCFED983212CB68A00C871CC /* Unicorn.h */,
				DCFED984212CB68A00C871CC /* Unicorn.m */,
			);
			path = Unicorn;
			sourceTree = "<group>";
		};
/* End PBXGroup section */

/* Begin PBXNativeTarget section */
		DC690F9E2125B281002BB4E6 /* AssemblyPlayground */ = {
			isa = PBXNativeTarget;
			buildConfigurationList = DC690FB12125B281002BB4E6 /* Build configuration list for PBXNativeTarget "AssemblyPlayground" */;
			buildPhases = (
				F1AAA3230B0F16E565AD8BAD /* [CP] Check Pods Manifest.lock */,
				DC690F9B2125B281002BB4E6 /* Sources */,
				DC690F9C2125B281002BB4E6 /* Frameworks */,
				DC690F9D2125B281002BB4E6 /* Resources */,
				C8AE25D864961E9708F7FA1A /* [CP] Embed Pods Frameworks */,
			);
			buildRules = (
			);
			dependencies = (
			);
			name = AssemblyPlayground;
			productName = AssemblyPlayground;
			productReference = DC690F9F2125B281002BB4E6 /* AssemblyPlayground.app */;
			productType = "com.apple.product-type.application";
		};
/* End PBXNativeTarget section */

/* Begin PBXProject section */
		DC690F972125B281002BB4E6 /* Project object */ = {
			isa = PBXProject;
			attributes = {
				LastSwiftUpdateCheck = 1000;
				LastUpgradeCheck = 1000;
				ORGANIZATIONNAME = "Felix Wehnert";
				TargetAttributes = {
					DC690F9E2125B281002BB4E6 = {
						CreatedOnToolsVersion = 10.0;
						LastSwiftMigration = 1020;
						SystemCapabilities = {
							com.apple.Sandbox = {
								enabled = 0;
							};
						};
					};
				};
			};
			buildConfigurationList = DC690F9A2125B281002BB4E6 /* Build configuration list for PBXProject "AssemblyPlayground" */;
			compatibilityVersion = "Xcode 9.3";
			developmentRegion = en;
			hasScannedForEncodings = 0;
			knownRegions = (
				en,
				Base,
			);
			mainGroup = DC690F962125B281002BB4E6;
			productRefGroup = DC690FA02125B281002BB4E6 /* Products */;
			projectDirPath = "";
			projectRoot = "";
			targets = (
				DC690F9E2125B281002BB4E6 /* AssemblyPlayground */,
			);
		};
/* End PBXProject section */

/* Begin PBXResourcesBuildPhase section */
		DC690F9D2125B281002BB4E6 /* Resources */ = {
			isa = PBXResourcesBuildPhase;
			buildActionMask = 2147483647;
			files = (
				DC690FA92125B281002BB4E6 /* Assets.xcassets in Resources */,
				DC690FAC2125B281002BB4E6 /* Main.storyboard in Resources */,
			);
			runOnlyForDeploymentPostprocessing = 0;
		};
/* End PBXResourcesBuildPhase section */

/* Begin PBXShellScriptBuildPhase section */
		C8AE25D864961E9708F7FA1A /* [CP] Embed Pods Frameworks */ = {
			isa = PBXShellScriptBuildPhase;
			buildActionMask = 2147483647;
			files = (
			);
			inputFileListPaths = (
			);
			inputPaths = (
				"${SRCROOT}/../Pods/Target Support Files/Pods-AssemblyPlayground/Pods-AssemblyPlayground-frameworks.sh",
				"${BUILT_PRODUCTS_DIR}/PromiseKit/PromiseKit.framework",
			);
			name = "[CP] Embed Pods Frameworks";
			outputFileListPaths = (
			);
			outputPaths = (
				"${TARGET_BUILD_DIR}/${FRAMEWORKS_FOLDER_PATH}/PromiseKit.framework",
			);
			runOnlyForDeploymentPostprocessing = 0;
			shellPath = /bin/sh;
			shellScript = "\"${SRCROOT}/../Pods/Target Support Files/Pods-AssemblyPlayground/Pods-AssemblyPlayground-frameworks.sh\"\n";
			showEnvVarsInLog = 0;
		};
		F1AAA3230B0F16E565AD8BAD /* [CP] Check Pods Manifest.lock */ = {
			isa = PBXShellScriptBuildPhase;
			buildActionMask = 2147483647;
			files = (
			);
			inputFileListPaths = (
			);
			inputPaths = (
				"${PODS_PODFILE_DIR_PATH}/Podfile.lock",
				"${PODS_ROOT}/Manifest.lock",
			);
			name = "[CP] Check Pods Manifest.lock";
			outputFileListPaths = (
			);
			outputPaths = (
				"$(DERIVED_FILE_DIR)/Pods-AssemblyPlayground-checkManifestLockResult.txt",
			);
			runOnlyForDeploymentPostprocessing = 0;
			shellPath = /bin/sh;
			shellScript = "diff \"${PODS_PODFILE_DIR_PATH}/Podfile.lock\" \"${PODS_ROOT}/Manifest.lock\" > /dev/null\nif [ $? != 0 ] ; then\n    # print error to STDERR\n    echo \"error: The sandbox is not in sync with the Podfile.lock. Run 'pod install' or update your CocoaPods installation.\" >&2\n    exit 1\nfi\n# This output is used by Xcode 'outputs' to avoid re-running this script phase.\necho \"SUCCESS\" > \"${SCRIPT_OUTPUT_FILE_0}\"\n";
			showEnvVarsInLog = 0;
		};
/* End PBXShellScriptBuildPhase section */

/* Begin PBXSourcesBuildPhase section */
		DC690F9B2125B281002BB4E6 /* Sources */ = {
			isa = PBXSourcesBuildPhase;
			buildActionMask = 2147483647;
			files = (
				DCFE9640217CC615000B2B7D /* String+Range.swift in Sources */,
				DCFED98B212CB6BD00C871CC /* Keystone+Swift.swift in Sources */,
				DC55D431216CDA6600FA29AD /* Registers.swift in Sources */,
				DC55D433216CDA8B00FA29AD /* X86.swift in Sources */,
				DCFED98E212CB9E500C871CC /* CodeEditorViewController.swift in Sources */,
				DC55D42E216CD52F00FA29AD /* EmulationMode.swift in Sources */,
				DCFED98A212CB6B900C871CC /* Unicorn.m in Sources */,
				DC3B5E2721432CC800447278 /* DocumentData.swift in Sources */,
				DCFED989212CB6B700C871CC /* Unicorn+Swift.swift in Sources */,
				DCFED998212CC28500C871CC /* DisplayWindowController.swift in Sources */,
				DCFED9A2212E0CDB00C871CC /* HexExtension.swift in Sources */,
				DCBE3972216E392500B3F8CD /* CodeEditor.swift in Sources */,
				DC55D436216CDA9A00FA29AD /* ARM64.swift in Sources */,
				DCFED9A0212DEC2E00C871CC /* Engine.swift in Sources */,
				DCE96E81214ED955005FCBFF /* MemoryViewController.swift in Sources */,
				DC690FA32125B281002BB4E6 /* AppDelegate.swift in Sources */,
				DCFED99A212DE18500C871CC /* RegisterTableViewController.swift in Sources */,
				DCFED994212CBA8800C871CC /* MainWindowController.swift in Sources */,
				DC690FA72125B281002BB4E6 /* Document.swift in Sources */,
				DCFE963D217CB42F000B2B7D /* KeystoneError.swift in Sources */,
				DCFED996212CBE3C00C871CC /* DisplayViewController.swift in Sources */,
				DCFED992212CBA1200C871CC /* SplitViewController.swift in Sources */,
				DCFF8568216E810B00662D6D /* CodeParser.swift in Sources */,
				DCE96E84214ED9CF005FCBFF /* MemoryTableViewDataSource.swift in Sources */,
				DCBE3974216E3B3D00B3F8CD /* CodeEditorRuler.swift in Sources */,
				DCFED987212CB6AF00C871CC /* Display.m in Sources */,
				DCFED990212CB9F800C871CC /* DocumentSettingsViewController.swift in Sources */,
				DCFED98C212CB6BF00C871CC /* Keystone.m in Sources */,
			);
			runOnlyForDeploymentPostprocessing = 0;
		};
/* End PBXSourcesBuildPhase section */

/* Begin PBXVariantGroup section */
		DC690FAA2125B281002BB4E6 /* Main.storyboard */ = {
			isa = PBXVariantGroup;
			children = (
				DC690FAB2125B281002BB4E6 /* Base */,
			);
			name = Main.storyboard;
			sourceTree = "<group>";
		};
/* End PBXVariantGroup section */

/* Begin XCBuildConfiguration section */
		DC690FAF2125B281002BB4E6 /* Debug */ = {
			isa = XCBuildConfiguration;
			buildSettings = {
				ALWAYS_SEARCH_USER_PATHS = NO;
				CLANG_ANALYZER_NONNULL = YES;
				CLANG_ANALYZER_NUMBER_OBJECT_CONVERSION = YES_AGGRESSIVE;
				CLANG_CXX_LANGUAGE_STANDARD = "gnu++14";
				CLANG_CXX_LIBRARY = "libc++";
				CLANG_ENABLE_MODULES = YES;
				CLANG_ENABLE_OBJC_ARC = YES;
				CLANG_ENABLE_OBJC_WEAK = YES;
				CLANG_WARN_BLOCK_CAPTURE_AUTORELEASING = YES;
				CLANG_WARN_BOOL_CONVERSION = YES;
				CLANG_WARN_COMMA = YES;
				CLANG_WARN_CONSTANT_CONVERSION = YES;
				CLANG_WARN_DEPRECATED_OBJC_IMPLEMENTATIONS = YES;
				CLANG_WARN_DIRECT_OBJC_ISA_USAGE = YES_ERROR;
				CLANG_WARN_DOCUMENTATION_COMMENTS = YES;
				CLANG_WARN_EMPTY_BODY = YES;
				CLANG_WARN_ENUM_CONVERSION = YES;
				CLANG_WARN_INFINITE_RECURSION = YES;
				CLANG_WARN_INT_CONVERSION = YES;
				CLANG_WARN_NON_LITERAL_NULL_CONVERSION = YES;
				CLANG_WARN_OBJC_IMPLICIT_RETAIN_SELF = YES;
				CLANG_WARN_OBJC_LITERAL_CONVERSION = YES;
				CLANG_WARN_OBJC_ROOT_CLASS = YES_ERROR;
				CLANG_WARN_RANGE_LOOP_ANALYSIS = YES;
				CLANG_WARN_STRICT_PROTOTYPES = YES;
				CLANG_WARN_SUSPICIOUS_MOVE = YES;
				CLANG_WARN_UNGUARDED_AVAILABILITY = YES_AGGRESSIVE;
				CLANG_WARN_UNREACHABLE_CODE = YES;
				CLANG_WARN__DUPLICATE_METHOD_MATCH = YES;
				CODE_SIGN_IDENTITY = "Mac Developer";
				COPY_PHASE_STRIP = NO;
				DEBUG_INFORMATION_FORMAT = dwarf;
				ENABLE_STRICT_OBJC_MSGSEND = YES;
				ENABLE_TESTABILITY = YES;
				GCC_C_LANGUAGE_STANDARD = gnu11;
				GCC_DYNAMIC_NO_PIC = NO;
				GCC_NO_COMMON_BLOCKS = YES;
				GCC_OPTIMIZATION_LEVEL = 0;
				GCC_PREPROCESSOR_DEFINITIONS = (
					"DEBUG=1",
					"$(inherited)",
				);
				GCC_WARN_64_TO_32_BIT_CONVERSION = YES;
				GCC_WARN_ABOUT_RETURN_TYPE = YES_ERROR;
				GCC_WARN_UNDECLARED_SELECTOR = YES;
				GCC_WARN_UNINITIALIZED_AUTOS = YES_AGGRESSIVE;
				GCC_WARN_UNUSED_FUNCTION = YES;
				GCC_WARN_UNUSED_VARIABLE = YES;
				MACOSX_DEPLOYMENT_TARGET = 10.13;
				MTL_ENABLE_DEBUG_INFO = INCLUDE_SOURCE;
				MTL_FAST_MATH = YES;
				ONLY_ACTIVE_ARCH = YES;
				SDKROOT = macosx;
				SWIFT_ACTIVE_COMPILATION_CONDITIONS = DEBUG;
				SWIFT_OPTIMIZATION_LEVEL = "-Onone";
			};
			name = Debug;
		};
		DC690FB02125B281002BB4E6 /* Release */ = {
			isa = XCBuildConfiguration;
			buildSettings = {
				ALWAYS_SEARCH_USER_PATHS = NO;
				CLANG_ANALYZER_NONNULL = YES;
				CLANG_ANALYZER_NUMBER_OBJECT_CONVERSION = YES_AGGRESSIVE;
				CLANG_CXX_LANGUAGE_STANDARD = "gnu++14";
				CLANG_CXX_LIBRARY = "libc++";
				CLANG_ENABLE_MODULES = YES;
				CLANG_ENABLE_OBJC_ARC = YES;
				CLANG_ENABLE_OBJC_WEAK = YES;
				CLANG_WARN_BLOCK_CAPTURE_AUTORELEASING = YES;
				CLANG_WARN_BOOL_CONVERSION = YES;
				CLANG_WARN_COMMA = YES;
				CLANG_WARN_CONSTANT_CONVERSION = YES;
				CLANG_WARN_DEPRECATED_OBJC_IMPLEMENTATIONS = YES;
				CLANG_WARN_DIRECT_OBJC_ISA_USAGE = YES_ERROR;
				CLANG_WARN_DOCUMENTATION_COMMENTS = YES;
				CLANG_WARN_EMPTY_BODY = YES;
				CLANG_WARN_ENUM_CONVERSION = YES;
				CLANG_WARN_INFINITE_RECURSION = YES;
				CLANG_WARN_INT_CONVERSION = YES;
				CLANG_WARN_NON_LITERAL_NULL_CONVERSION = YES;
				CLANG_WARN_OBJC_IMPLICIT_RETAIN_SELF = YES;
				CLANG_WARN_OBJC_LITERAL_CONVERSION = YES;
				CLANG_WARN_OBJC_ROOT_CLASS = YES_ERROR;
				CLANG_WARN_RANGE_LOOP_ANALYSIS = YES;
				CLANG_WARN_STRICT_PROTOTYPES = YES;
				CLANG_WARN_SUSPICIOUS_MOVE = YES;
				CLANG_WARN_UNGUARDED_AVAILABILITY = YES_AGGRESSIVE;
				CLANG_WARN_UNREACHABLE_CODE = YES;
				CLANG_WARN__DUPLICATE_METHOD_MATCH = YES;
				CODE_SIGN_IDENTITY = "Mac Developer";
				COPY_PHASE_STRIP = NO;
				DEBUG_INFORMATION_FORMAT = "dwarf-with-dsym";
				ENABLE_NS_ASSERTIONS = NO;
				ENABLE_STRICT_OBJC_MSGSEND = YES;
				GCC_C_LANGUAGE_STANDARD = gnu11;
				GCC_NO_COMMON_BLOCKS = YES;
				GCC_WARN_64_TO_32_BIT_CONVERSION = YES;
				GCC_WARN_ABOUT_RETURN_TYPE = YES_ERROR;
				GCC_WARN_UNDECLARED_SELECTOR = YES;
				GCC_WARN_UNINITIALIZED_AUTOS = YES_AGGRESSIVE;
				GCC_WARN_UNUSED_FUNCTION = YES;
				GCC_WARN_UNUSED_VARIABLE = YES;
				MACOSX_DEPLOYMENT_TARGET = 10.13;
				MTL_ENABLE_DEBUG_INFO = NO;
				MTL_FAST_MATH = YES;
				SDKROOT = macosx;
				SWIFT_COMPILATION_MODE = wholemodule;
				SWIFT_OPTIMIZATION_LEVEL = "-O";
			};
			name = Release;
		};
		DC690FB22125B281002BB4E6 /* Debug */ = {
			isa = XCBuildConfiguration;
			baseConfigurationReference = 27ECDC4E5FE7FCD65F2A4679 /* Pods-AssemblyPlayground.debug.xcconfig */;
			buildSettings = {
				ASSETCATALOG_COMPILER_APPICON_NAME = AppIcon;
				CODE_SIGN_STYLE = Automatic;
				COMBINE_HIDPI_IMAGES = YES;
				DEVELOPMENT_TEAM = ZXT6586FS8;
				EXPANDED_CODE_SIGN_IDENTITY = "-";
				EXPANDED_CODE_SIGN_IDENTITY_NAME = "-";
				HEADER_SEARCH_PATHS = /usr/local/include/;
				INFOPLIST_FILE = AssemblyPlayground/Info.plist;
				LD_RUNPATH_SEARCH_PATHS = (
					"$(inherited)",
					"@executable_path/../Frameworks",
				);
				LIBRARY_SEARCH_PATHS = /usr/local/lib/;
				MACOSX_DEPLOYMENT_TARGET = 10.14;
				OTHER_LDFLAGS = (
					"$(inherited)",
					"-lkeystone",
					"-lunicorn",
					"-lc++",
				);
				PRODUCT_BUNDLE_IDENTIFIER = me.wehnert.felix.AssemblyPlayground;
				PRODUCT_NAME = "$(TARGET_NAME)";
				SWIFT_OBJC_BRIDGING_HEADER = "AssemblyPlayground/AssemblyPlayground-Bridging-Header.h";
				SWIFT_VERSION = 5.0;
				VALID_ARCHS = x86_64;
			};
			name = Debug;
		};
		DC690FB32125B281002BB4E6 /* Release */ = {
			isa = XCBuildConfiguration;
			baseConfigurationReference = CD0E90A52B140EBB35027630 /* Pods-AssemblyPlayground.release.xcconfig */;
			buildSettings = {
				ASSETCATALOG_COMPILER_APPICON_NAME = AppIcon;
				CODE_SIGN_STYLE = Automatic;
				COMBINE_HIDPI_IMAGES = YES;
				DEVELOPMENT_TEAM = ZXT6586FS8;
				EXPANDED_CODE_SIGN_IDENTITY = "-";
				EXPANDED_CODE_SIGN_IDENTITY_NAME = "-";
				HEADER_SEARCH_PATHS = /usr/local/include/;
				INFOPLIST_FILE = AssemblyPlayground/Info.plist;
				LD_RUNPATH_SEARCH_PATHS = (
					"$(inherited)",
					"@executable_path/../Frameworks",
				);
				LIBRARY_SEARCH_PATHS = /usr/local/lib/;
				MACOSX_DEPLOYMENT_TARGET = 10.14;
				OTHER_LDFLAGS = (
					"$(inherited)",
					"-lkeystone",
					"-lunicorn",
					"-lc++",
				);
				PRODUCT_BUNDLE_IDENTIFIER = me.wehnert.felix.AssemblyPlayground;
				PRODUCT_NAME = "$(TARGET_NAME)";
				SWIFT_OBJC_BRIDGING_HEADER = "AssemblyPlayground/AssemblyPlayground-Bridging-Header.h";
				SWIFT_VERSION = 5.0;
				VALID_ARCHS = x86_64;
			};
			name = Release;
		};
/* End XCBuildConfiguration section */

/* Begin XCConfigurationList section */
		DC690F9A2125B281002BB4E6 /* Build configuration list for PBXProject "AssemblyPlayground" */ = {
			isa = XCConfigurationList;
			buildConfigurations = (
				DC690FAF2125B281002BB4E6 /* Debug */,
				DC690FB02125B281002BB4E6 /* Release */,
			);
			defaultConfigurationIsVisible = 0;
			defaultConfigurationName = Release;
		};
		DC690FB12125B281002BB4E6 /* Build configuration list for PBXNativeTarget "AssemblyPlayground" */ = {
			isa = XCConfigurationList;
			buildConfigurations = (
				DC690FB22125B281002BB4E6 /* Debug */,
				DC690FB32125B281002BB4E6 /* Release */,
			);
			defaultConfigurationIsVisible = 0;
			defaultConfigurationName = Release;
		};
/* End XCConfigurationList section */
	};
	rootObject = DC690F972125B281002BB4E6 /* Project object */;
}
